
Microsoft Visual Studio Solution File, Format Version 12.00
# Visual Studio Version 16
VisualStudioVersion = 16.0.31702.278
MinimumVisualStudioVersion = 10.0.40219.1
Project("{FAE04EC0-301F-11D3-BF4B-00C04F79EFBC}") = "exercise1", "exercise1\exercise1.csproj", "{FF8B14AA-CD28-47F7-8F3B-DCC54CB47A03}"
EndProject
Global
	GlobalSection(SolutionConfigurationPlatforms) = preSolution
		Debug|Any CPU = Debug|Any CPU
		Release|Any CPU = Release|Any CPU
	EndGlobalSection
	GlobalSection(ProjectConfigurationPlatforms) = postSolution
		{FF8B14AA-CD28-47F7-8F3B-DCC54CB47A03}.Debug|Any CPU.ActiveCfg = Debug|Any CPU
		{FF8B14AA-CD28-47F7-8F3B-DCC54CB47A03}.Debug|Any CPU.Build.0 = Debug|Any CPU
		{FF8B14AA-CD28-47F7-8F3B-DCC54CB47A03}.Release|Any CPU.ActiveCfg = Release|Any CPU
		{FF8B14AA-CD28-47F7-8F3B-DCC54CB47A03}.Release|Any CPU.Build.0 = Release|Any CPU
	EndGlobalSection
	GlobalSection(SolutionProperties) = preSolution
		HideSolutionNode = FALSE
	EndGlobalSection
	GlobalSection(ExtensibilityGlobals) = postSolution
		SolutionGuid = {82EB9D21-09AE-446C-A82C-7EA297080B28}
	EndGlobalSection
EndGlobal
